
Microsoft Visual Studio Solution File, Format Version 12.00
# Visual Studio Version 17
VisualStudioVersion = 17.3.32811.315
MinimumVisualStudioVersion = 10.0.40219.1
Project("{2150E333-8FDC-42A3-9474-1A3956D46DE8}") = "src", "src", "{0B18F57A-C9CA-4C9A-A802-69130F8BD0F6}"
EndProject
Project("{2150E333-8FDC-42A3-9474-1A3956D46DE8}") = "test", "test", "{100A9770-47BA-441D-A146-0E7E167B9452}"
EndProject
Project("{9A19103F-16F7-4668-BE54-9A1E7A4F7556}") = "data-structure-app", "data-structure-app\data-structure-app.csproj", "{5CB575A6-0A75-4860-A8B2-7ABF0B18F12A}"
EndProject
Project("{9A19103F-16F7-4668-BE54-9A1E7A4F7556}") = "data-structure.test", "data-structure.test\data-structure.test.csproj", "{1543B531-602F-4EEC-8AF6-17918A744430}"
EndProject
Global
	GlobalSection(SolutionConfigurationPlatforms) = preSolution
		Debug|Any CPU = Debug|Any CPU
		Release|Any CPU = Release|Any CPU
	EndGlobalSection
	GlobalSection(ProjectConfigurationPlatforms) = postSolution
		{5CB575A6-0A75-4860-A8B2-7ABF0B18F12A}.Debug|Any CPU.ActiveCfg = Debug|Any CPU
		{5CB575A6-0A75-4860-A8B2-7ABF0B18F12A}.Debug|Any CPU.Build.0 = Debug|Any CPU
		{5CB575A6-0A75-4860-A8B2-7ABF0B18F12A}.Release|Any CPU.ActiveCfg = Release|Any CPU
		{5CB575A6-0A75-4860-A8B2-7ABF0B18F12A}.Release|Any CPU.Build.0 = Release|Any CPU
		{1543B531-602F-4EEC-8AF6-17918A744430}.Debug|Any CPU.ActiveCfg = Debug|Any CPU
		{1543B531-602F-4EEC-8AF6-17918A744430}.Debug|Any CPU.Build.0 = Debug|Any CPU
		{1543B531-602F-4EEC-8AF6-17918A744430}.Release|Any CPU.ActiveCfg = Release|Any CPU
		{1543B531-602F-4EEC-8AF6-17918A744430}.Release|Any CPU.Build.0 = Release|Any CPU
	EndGlobalSection
	GlobalSection(SolutionProperties) = preSolution
		HideSolutionNode = FALSE
	EndGlobalSection
	GlobalSection(NestedProjects) = preSolution
		{5CB575A6-0A75-4860-A8B2-7ABF0B18F12A} = {0B18F57A-C9CA-4C9A-A802-69130F8BD0F6}
		{1543B531-602F-4EEC-8AF6-17918A744430} = {100A9770-47BA-441D-A146-0E7E167B9452}
	EndGlobalSection
	GlobalSection(ExtensibilityGlobals) = postSolution
		SolutionGuid = {8512E7CC-CDD5-49FD-AA1D-B30D76F42489}
	EndGlobalSection
EndGlobal
